// !$*UTF8*$!
{
	archiveVersion = 1;
	classes = {
	};
	objectVersion = 48;
	objects = {

/* Begin PBXBuildFile section */
		14A848D81F8331D200B4D75A /* AppDelegate.swift in Sources */ = {isa = PBXBuildFile; fileRef = 14A848D71F8331D200B4D75A /* AppDelegate.swift */; };
		14A848DA1F8331D200B4D75A /* ViewController.swift in Sources */ = {isa = PBXBuildFile; fileRef = 14A848D91F8331D200B4D75A /* ViewController.swift */; };
		14A848DD1F8331D200B4D75A /* Main.storyboard in Resources */ = {isa = PBXBuildFile; fileRef = 14A848DB1F8331D200B4D75A /* Main.storyboard */; };
		14A848DF1F8331D200B4D75A /* Assets.xcassets in Resources */ = {isa = PBXBuildFile; fileRef = 14A848DE1F8331D200B4D75A /* Assets.xcassets */; };
		14A848E21F8331D200B4D75A /* LaunchScreen.storyboard in Resources */ = {isa = PBXBuildFile; fileRef = 14A848E01F8331D200B4D75A /* LaunchScreen.storyboard */; };
		14A848ED1F8331D300B4D75A /* HustleTests.swift in Sources */ = {isa = PBXBuildFile; fileRef = 14A848EC1F8331D300B4D75A /* HustleTests.swift */; };
		14A848F81F8331D300B4D75A /* HustleUITests.swift in Sources */ = {isa = PBXBuildFile; fileRef = 14A848F71F8331D300B4D75A /* HustleUITests.swift */; };
/* End PBXBuildFile section */

/* Begin PBXContainerItemProxy section */
		14A848E91F8331D300B4D75A /* PBXContainerItemProxy */ = {
			isa = PBXContainerItemProxy;
			containerPortal = 14A848CC1F8331D200B4D75A /* Project object */;
			proxyType = 1;
			remoteGlobalIDString = 14A848D31F8331D200B4D75A;
			remoteInfo = Hustle;
		};
		14A848F41F8331D300B4D75A /* PBXContainerItemProxy */ = {
			isa = PBXContainerItemProxy;
			containerPortal = 14A848CC1F8331D200B4D75A /* Project object */;
			proxyType = 1;
			remoteGlobalIDString = 14A848D31F8331D200B4D75A;
			remoteInfo = Hustle;
		};
/* End PBXContainerItemProxy section */

/* Begin PBXFileReference section */
		14A848D41F8331D200B4D75A /* Hustle.app */ = {isa = PBXFileReference; explicitFileType = wrapper.application; includeInIndex = 0; path = Hustle.app; sourceTree = BUILT_PRODUCTS_DIR; };
		14A848D71F8331D200B4D75A /* AppDelegate.swift */ = {isa = PBXFileReference; lastKnownFileType = sourcecode.swift; path = AppDelegate.swift; sourceTree = "<group>"; };
		14A848D91F8331D200B4D75A /* ViewController.swift */ = {isa = PBXFileReference; lastKnownFileType = sourcecode.swift; path = ViewController.swift; sourceTree = "<group>"; };
		14A848DC1F8331D200B4D75A /* Base */ = {isa = PBXFileReference; lastKnownFileType = file.storyboard; name = Base; path = Base.lproj/Main.storyboard; sourceTree = "<group>"; };
		14A848DE1F8331D200B4D75A /* Assets.xcassets */ = {isa = PBXFileReference; lastKnownFileType = folder.assetcatalog; path = Assets.xcassets; sourceTree = "<group>"; };
		14A848E11F8331D200B4D75A /* Base */ = {isa = PBXFileReference; lastKnownFileType = file.storyboard; name = Base; path = Base.lproj/LaunchScreen.storyboard; sourceTree = "<group>"; };
		14A848E31F8331D200B4D75A /* Info.plist */ = {isa = PBXFileReference; lastKnownFileType = text.plist.xml; path = Info.plist; sourceTree = "<group>"; };
		14A848E81F8331D300B4D75A /* HustleTests.xctest */ = {isa = PBXFileReference; explicitFileType = wrapper.cfbundle; includeInIndex = 0; path = HustleTests.xctest; sourceTree = BUILT_PRODUCTS_DIR; };
		14A848EC1F8331D300B4D75A /* HustleTests.swift */ = {isa = PBXFileReference; lastKnownFileType = sourcecode.swift; path = HustleTests.swift; sourceTree = "<group>"; };
		14A848EE1F8331D300B4D75A /* Info.plist */ = {isa = PBXFileReference; lastKnownFileType = text.plist.xml; path = Info.plist; sourceTree = "<group>"; };
		14A848F31F8331D300B4D75A /* HustleUITests.xctest */ = {isa = PBXFileReference; explicitFileType = wrapper.cfbundle; includeInIndex = 0; path = HustleUITests.xctest; sourceTree = BUILT_PRODUCTS_DIR; };
		14A848F71F8331D300B4D75A /* HustleUITests.swift */ = {isa = PBXFileReference; lastKnownFileType = sourcecode.swift; path = HustleUITests.swift; sourceTree = "<group>"; };
		14A848F91F8331D300B4D75A /* Info.plist */ = {isa = PBXFileReference; lastKnownFileType = text.plist.xml; path = Info.plist; sourceTree = "<group>"; };
/* End PBXFileReference section */

/* Begin PBXFrameworksBuildPhase section */
		14A848D11F8331D200B4D75A /* Frameworks */ = {
			isa = PBXFrameworksBuildPhase;
			buildActionMask = 2147483647;
			files = (
			);
			runOnlyForDeploymentPostprocessing = 0;
		};
		14A848E51F8331D300B4D75A /* Frameworks */ = {
			isa = PBXFrameworksBuildPhase;
			buildActionMask = 2147483647;
			files = (
			);
			runOnlyForDeploymentPostprocessing = 0;
		};
		14A848F01F8331D300B4D75A /* Frameworks */ = {
			isa = PBXFrameworksBuildPhase;
			buildActionMask = 2147483647;
			files = (
			);
			runOnlyForDeploymentPostprocessing = 0;
		};
/* End PBXFrameworksBuildPhase section */

/* Begin PBXGroup section */
		14A848CB1F8331D200B4D75A = {
			isa = PBXGroup;
			children = (
				14A848D61F8331D200B4D75A /* Hustle */,
				14A848EB1F8331D300B4D75A /* HustleTests */,
				14A848F61F8331D300B4D75A /* HustleUITests */,
				14A848D51F8331D200B4D75A /* Products */,
			);
			sourceTree = "<group>";
		};
		14A848D51F8331D200B4D75A /* Products */ = {
			isa = PBXGroup;
			children = (
				14A848D41F8331D200B4D75A /* Hustle.app */,
				14A848E81F8331D300B4D75A /* HustleTests.xctest */,
				14A848F31F8331D300B4D75A /* HustleUITests.xctest */,
			);
			name = Products;
			sourceTree = "<group>";
		};
		14A848D61F8331D200B4D75A /* Hustle */ = {
			isa = PBXGroup;
			children = (
				14A848D71F8331D200B4D75A /* AppDelegate.swift */,
				14A848D91F8331D200B4D75A /* ViewController.swift */,
				14A848DB1F8331D200B4D75A /* Main.storyboard */,
				14A848DE1F8331D200B4D75A /* Assets.xcassets */,
				14A848E01F8331D200B4D75A /* LaunchScreen.storyboard */,
				14A848E31F8331D200B4D75A /* Info.plist */,
			);
			path = Hustle;
			sourceTree = "<group>";
		};
		14A848EB1F8331D300B4D75A /* HustleTests */ = {
			isa = PBXGroup;
			children = (
				14A848EC1F8331D300B4D75A /* HustleTests.swift */,
				14A848EE1F8331D300B4D75A /* Info.plist */,
			);
			path = HustleTests;
			sourceTree = "<group>";
		};
		14A848F61F8331D300B4D75A /* HustleUITests */ = {
			isa = PBXGroup;
			children = (
				14A848F71F8331D300B4D75A /* HustleUITests.swift */,
				14A848F91F8331D300B4D75A /* Info.plist */,
			);
			path = HustleUITests;
			sourceTree = "<group>";
		};
/* End PBXGroup section */

/* Begin PBXNativeTarget section */
		14A848D31F8331D200B4D75A /* Hustle */ = {
			isa = PBXNativeTarget;
			buildConfigurationList = 14A848FC1F8331D300B4D75A /* Build configuration list for PBXNativeTarget "Hustle" */;
			buildPhases = (
				14A848D01F8331D200B4D75A /* Sources */,
				14A848D11F8331D200B4D75A /* Frameworks */,
				14A848D21F8331D200B4D75A /* Resources */,
			);
			buildRules = (
			);
			dependencies = (
			);
			name = Hustle;
			productName = Hustle;
			productReference = 14A848D41F8331D200B4D75A /* Hustle.app */;
			productType = "com.apple.product-type.application";
		};
		14A848E71F8331D300B4D75A /* HustleTests */ = {
			isa = PBXNativeTarget;
			buildConfigurationList = 14A848FF1F8331D300B4D75A /* Build configuration list for PBXNativeTarget "HustleTests" */;
			buildPhases = (
				14A848E41F8331D300B4D75A /* Sources */,
				14A848E51F8331D300B4D75A /* Frameworks */,
				14A848E61F8331D300B4D75A /* Resources */,
			);
			buildRules = (
			);
			dependencies = (
				14A848EA1F8331D300B4D75A /* PBXTargetDependency */,
			);
			name = HustleTests;
			productName = HustleTests;
			productReference = 14A848E81F8331D300B4D75A /* HustleTests.xctest */;
			productType = "com.apple.product-type.bundle.unit-test";
		};
		14A848F21F8331D300B4D75A /* HustleUITests */ = {
			isa = PBXNativeTarget;
			buildConfigurationList = 14A849021F8331D300B4D75A /* Build configuration list for PBXNativeTarget "HustleUITests" */;
			buildPhases = (
				14A848EF1F8331D300B4D75A /* Sources */,
				14A848F01F8331D300B4D75A /* Frameworks */,
				14A848F11F8331D300B4D75A /* Resources */,
			);
			buildRules = (
			);
			dependencies = (
				14A848F51F8331D300B4D75A /* PBXTargetDependency */,
			);
			name = HustleUITests;
			productName = HustleUITests;
			productReference = 14A848F31F8331D300B4D75A /* HustleUITests.xctest */;
			productType = "com.apple.product-type.bundle.ui-testing";
		};
/* End PBXNativeTarget section */

/* Begin PBXProject section */
		14A848CC1F8331D200B4D75A /* Project object */ = {
			isa = PBXProject;
			attributes = {
				LastSwiftUpdateCheck = 0900;
				LastUpgradeCheck = 0900;
				ORGANIZATIONNAME = "Agastya Darma";
				TargetAttributes = {
					14A848D31F8331D200B4D75A = {
						CreatedOnToolsVersion = 9.0;
						ProvisioningStyle = Automatic;
					};
					14A848E71F8331D300B4D75A = {
						CreatedOnToolsVersion = 9.0;
						ProvisioningStyle = Automatic;
						TestTargetID = 14A848D31F8331D200B4D75A;
					};
					14A848F21F8331D300B4D75A = {
						CreatedOnToolsVersion = 9.0;
						ProvisioningStyle = Automatic;
						TestTargetID = 14A848D31F8331D200B4D75A;
					};
				};
			};
			buildConfigurationList = 14A848CF1F8331D200B4D75A /* Build configuration list for PBXProject "Hustle" */;
			compatibilityVersion = "Xcode 8.0";
			developmentRegion = en;
			hasScannedForEncodings = 0;
			knownRegions = (
				en,
				Base,
			);
			mainGroup = 14A848CB1F8331D200B4D75A;
			productRefGroup = 14A848D51F8331D200B4D75A /* Products */;
			projectDirPath = "";
			projectRoot = "";
			targets = (
				14A848D31F8331D200B4D75A /* Hustle */,
				14A848E71F8331D300B4D75A /* HustleTests */,
				14A848F21F8331D300B4D75A /* HustleUITests */,
			);
		};
/* End PBXProject section */

/* Begin PBXResourcesBuildPhase section */
		14A848D21F8331D200B4D75A /* Resources */ = {
			isa = PBXResourcesBuildPhase;
			buildActionMask = 2147483647;
			files = (
				14A848E21F8331D200B4D75A /* LaunchScreen.storyboard in Resources */,
				14A848DF1F8331D200B4D75A /* Assets.xcassets in Resources */,
				14A848DD1F8331D200B4D75A /* Main.storyboard in Resources */,
			);
			runOnlyForDeploymentPostprocessing = 0;
		};
		14A848E61F8331D300B4D75A /* Resources */ = {
			isa = PBXResourcesBuildPhase;
			buildActionMask = 2147483647;
			files = (
			);
			runOnlyForDeploymentPostprocessing = 0;
		};
		14A848F11F8331D300B4D75A /* Resources */ = {
			isa = PBXResourcesBuildPhase;
			buildActionMask = 2147483647;
			files = (
			);
			runOnlyForDeploymentPostprocessing = 0;
		};
/* End PBXResourcesBuildPhase section */

/* Begin PBXSourcesBuildPhase section */
		14A848D01F8331D200B4D75A /* Sources */ = {
			isa = PBXSourcesBuildPhase;
			buildActionMask = 2147483647;
			files = (
				14A848DA1F8331D200B4D75A /* ViewController.swift in Sources */,
				14A848D81F8331D200B4D75A /* AppDelegate.swift in Sources */,
			);
			runOnlyForDeploymentPostprocessing = 0;
		};
		14A848E41F8331D300B4D75A /* Sources */ = {
			isa = PBXSourcesBuildPhase;
			buildActionMask = 2147483647;
			files = (
				14A848ED1F8331D300B4D75A /* HustleTests.swift in Sources */,
			);
			runOnlyForDeploymentPostprocessing = 0;
		};
		14A848EF1F8331D300B4D75A /* Sources */ = {
			isa = PBXSourcesBuildPhase;
			buildActionMask = 2147483647;
			files = (
				14A848F81F8331D300B4D75A /* HustleUITests.swift in Sources */,
			);
			runOnlyForDeploymentPostprocessing = 0;
		};
/* End PBXSourcesBuildPhase section */

/* Begin PBXTargetDependency section */
		14A848EA1F8331D300B4D75A /* PBXTargetDependency */ = {
			isa = PBXTargetDependency;
			target = 14A848D31F8331D200B4D75A /* Hustle */;
			targetProxy = 14A848E91F8331D300B4D75A /* PBXContainerItemProxy */;
		};
		14A848F51F8331D300B4D75A /* PBXTargetDependency */ = {
			isa = PBXTargetDependency;
			target = 14A848D31F8331D200B4D75A /* Hustle */;
			targetProxy = 14A848F41F8331D300B4D75A /* PBXContainerItemProxy */;
		};
/* End PBXTargetDependency section */

/* Begin PBXVariantGroup section */
		14A848DB1F8331D200B4D75A /* Main.storyboard */ = {
			isa = PBXVariantGroup;
			children = (
				14A848DC1F8331D200B4D75A /* Base */,
			);
			name = Main.storyboard;
			sourceTree = "<group>";
		};
		14A848E01F8331D200B4D75A /* LaunchScreen.storyboard */ = {
			isa = PBXVariantGroup;
			children = (
				14A848E11F8331D200B4D75A /* Base */,
			);
			name = LaunchScreen.storyboard;
			sourceTree = "<group>";
		};
/* End PBXVariantGroup section */

/* Begin XCBuildConfiguration section */
		14A848FA1F8331D300B4D75A /* Debug */ = {
			isa = XCBuildConfiguration;
			buildSettings = {
				ALWAYS_SEARCH_USER_PATHS = NO;
				CLANG_ANALYZER_NONNULL = YES;
				CLANG_ANALYZER_NUMBER_OBJECT_CONVERSION = YES_AGGRESSIVE;
				CLANG_CXX_LANGUAGE_STANDARD = "gnu++14";
				CLANG_CXX_LIBRARY = "libc++";
				CLANG_ENABLE_MODULES = YES;
				CLANG_ENABLE_OBJC_ARC = YES;
				CLANG_WARN_BLOCK_CAPTURE_AUTORELEASING = YES;
				CLANG_WARN_BOOL_CONVERSION = YES;
				CLANG_WARN_COMMA = YES;
				CLANG_WARN_CONSTANT_CONVERSION = YES;
				CLANG_WARN_DIRECT_OBJC_ISA_USAGE = YES_ERROR;
				CLANG_WARN_DOCUMENTATION_COMMENTS = YES;
				CLANG_WARN_EMPTY_BODY = YES;
				CLANG_WARN_ENUM_CONVERSION = YES;
				CLANG_WARN_INFINITE_RECURSION = YES;
				CLANG_WARN_INT_CONVERSION = YES;
				CLANG_WARN_NON_LITERAL_NULL_CONVERSION = YES;
				CLANG_WARN_OBJC_LITERAL_CONVERSION = YES;
				CLANG_WARN_OBJC_ROOT_CLASS = YES_ERROR;
				CLANG_WARN_RANGE_LOOP_ANALYSIS = YES;
				CLANG_WARN_STRICT_PROTOTYPES = YES;
				CLANG_WARN_SUSPICIOUS_MOVE = YES;
				CLANG_WARN_UNGUARDED_AVAILABILITY = YES_AGGRESSIVE;
				CLANG_WARN_UNREACHABLE_CODE = YES;
				CLANG_WARN__DUPLICATE_METHOD_MATCH = YES;
				CODE_SIGN_IDENTITY = "iPhone Developer";
				COPY_PHASE_STRIP = NO;
				DEBUG_INFORMATION_FORMAT = dwarf;
				ENABLE_STRICT_OBJC_MSGSEND = YES;
				ENABLE_TESTABILITY = YES;
				GCC_C_LANGUAGE_STANDARD = gnu11;
				GCC_DYNAMIC_NO_PIC = NO;
				GCC_NO_COMMON_BLOCKS = YES;
				GCC_OPTIMIZATION_LEVEL = 0;
				GCC_PREPROCESSOR_DEFINITIONS = (
					"DEBUG=1",
					"$(inherited)",
				);
				GCC_WARN_64_TO_32_BIT_CONVERSION = YES;
				GCC_WARN_ABOUT_RETURN_TYPE = YES_ERROR;
				GCC_WARN_UNDECLARED_SELECTOR = YES;
				GCC_WARN_UNINITIALIZED_AUTOS = YES_AGGRESSIVE;
				GCC_WARN_UNUSED_FUNCTION = YES;
				GCC_WARN_UNUSED_VARIABLE = YES;
				IPHONEOS_DEPLOYMENT_TARGET = 11.0;
				MTL_ENABLE_DEBUG_INFO = YES;
				ONLY_ACTIVE_ARCH = YES;
				SDKROOT = iphoneos;
				SWIFT_ACTIVE_COMPILATION_CONDITIONS = DEBUG;
				SWIFT_OPTIMIZATION_LEVEL = "-Onone";
			};
			name = Debug;
		};
		14A848FB1F8331D300B4D75A /* Release */ = {
			isa = XCBuildConfiguration;
			buildSettings = {
				ALWAYS_SEARCH_USER_PATHS = NO;
				CLANG_ANALYZER_NONNULL = YES;
				CLANG_ANALYZER_NUMBER_OBJECT_CONVERSION = YES_AGGRESSIVE;
				CLANG_CXX_LANGUAGE_STANDARD = "gnu++14";
				CLANG_CXX_LIBRARY = "libc++";
				CLANG_ENABLE_MODULES = YES;
				CLANG_ENABLE_OBJC_ARC = YES;
				CLANG_WARN_BLOCK_CAPTURE_AUTORELEASING = YES;
				CLANG_WARN_BOOL_CONVERSION = YES;
				CLANG_WARN_COMMA = YES;
				CLANG_WARN_CONSTANT_CONVERSION = YES;
				CLANG_WARN_DIRECT_OBJC_ISA_USAGE = YES_ERROR;
				CLANG_WARN_DOCUMENTATION_COMMENTS = YES;
				CLANG_WARN_EMPTY_BODY = YES;
				CLANG_WARN_ENUM_CONVERSION = YES;
				CLANG_WARN_INFINITE_RECURSION = YES;
				CLANG_WARN_INT_CONVERSION = YES;
				CLANG_WARN_NON_LITERAL_NULL_CONVERSION = YES;
				CLANG_WARN_OBJC_LITERAL_CONVERSION = YES;
				CLANG_WARN_OBJC_ROOT_CLASS = YES_ERROR;
				CLANG_WARN_RANGE_LOOP_ANALYSIS = YES;
				CLANG_WARN_STRICT_PROTOTYPES = YES;
				CLANG_WARN_SUSPICIOUS_MOVE = YES;
				CLANG_WARN_UNGUARDED_AVAILABILITY = YES_AGGRESSIVE;
				CLANG_WARN_UNREACHABLE_CODE = YES;
				CLANG_WARN__DUPLICATE_METHOD_MATCH = YES;
				CODE_SIGN_IDENTITY = "iPhone Developer";
				COPY_PHASE_STRIP = NO;
				DEBUG_INFORMATION_FORMAT = "dwarf-with-dsym";
				ENABLE_NS_ASSERTIONS = NO;
				ENABLE_STRICT_OBJC_MSGSEND = YES;
				GCC_C_LANGUAGE_STANDARD = gnu11;
				GCC_NO_COMMON_BLOCKS = YES;
				GCC_WARN_64_TO_32_BIT_CONVERSION = YES;
				GCC_WARN_ABOUT_RETURN_TYPE = YES_ERROR;
				GCC_WARN_UNDECLARED_SELECTOR = YES;
				GCC_WARN_UNINITIALIZED_AUTOS = YES_AGGRESSIVE;
				GCC_WARN_UNUSED_FUNCTION = YES;
				GCC_WARN_UNUSED_VARIABLE = YES;
				IPHONEOS_DEPLOYMENT_TARGET = 11.0;
				MTL_ENABLE_DEBUG_INFO = NO;
				SDKROOT = iphoneos;
				SWIFT_OPTIMIZATION_LEVEL = "-Owholemodule";
				VALIDATE_PRODUCT = YES;
			};
			name = Release;
		};
		14A848FD1F8331D300B4D75A /* Debug */ = {
			isa = XCBuildConfiguration;
			buildSettings = {
				ASSETCATALOG_COMPILER_APPICON_NAME = AppIcon;
				CODE_SIGN_STYLE = Automatic;
				DEVELOPMENT_TEAM = 3Q6XDUT8TQ;
				INFOPLIST_FILE = Hustle/Info.plist;
				LD_RUNPATH_SEARCH_PATHS = "$(inherited) @executable_path/Frameworks";
				PRODUCT_BUNDLE_IDENTIFIER = com.arch.Hustle;
				PRODUCT_NAME = "$(TARGET_NAME)";
				SWIFT_VERSION = 4.0;
				TARGETED_DEVICE_FAMILY = "1,2";
			};
			name = Debug;
		};
		14A848FE1F8331D300B4D75A /* Release */ = {
			isa = XCBuildConfiguration;
			buildSettings = {
				ASSETCATALOG_COMPILER_APPICON_NAME = AppIcon;
				CODE_SIGN_STYLE = Automatic;
				DEVELOPMENT_TEAM = 3Q6XDUT8TQ;
				INFOPLIST_FILE = Hustle/Info.plist;
				LD_RUNPATH_SEARCH_PATHS = "$(inherited) @executable_path/Frameworks";
				PRODUCT_BUNDLE_IDENTIFIER = com.arch.Hustle;
				PRODUCT_NAME = "$(TARGET_NAME)";
				SWIFT_VERSION = 4.0;
				TARGETED_DEVICE_FAMILY = "1,2";
			};
			name = Release;
		};
		14A849001F8331D300B4D75A /* Debug */ = {
			isa = XCBuildConfiguration;
			buildSettings = {
				ALWAYS_EMBED_SWIFT_STANDARD_LIBRARIES = YES;
				BUNDLE_LOADER = "$(TEST_HOST)";
				CODE_SIGN_STYLE = Automatic;
				DEVELOPMENT_TEAM = 3Q6XDUT8TQ;
				INFOPLIST_FILE = HustleTests/Info.plist;
				LD_RUNPATH_SEARCH_PATHS = "$(inherited) @executable_path/Frameworks @loader_path/Frameworks";
				PRODUCT_BUNDLE_IDENTIFIER = com.arch.HustleTests;
				PRODUCT_NAME = "$(TARGET_NAME)";
				SWIFT_VERSION = 4.0;
				TARGETED_DEVICE_FAMILY = "1,2";
				TEST_HOST = "$(BUILT_PRODUCTS_DIR)/Hustle.app/Hustle";
			};
			name = Debug;
		};
		14A849011F8331D300B4D75A /* Release */ = {
			isa = XCBuildConfiguration;
			buildSettings = {
				ALWAYS_EMBED_SWIFT_STANDARD_LIBRARIES = YES;
				BUNDLE_LOADER = "$(TEST_HOST)";
				CODE_SIGN_STYLE = Automatic;
				DEVELOPMENT_TEAM = 3Q6XDUT8TQ;
				INFOPLIST_FILE = HustleTests/Info.plist;
				LD_RUNPATH_SEARCH_PATHS = "$(inherited) @executable_path/Frameworks @loader_path/Frameworks";
				PRODUCT_BUNDLE_IDENTIFIER = com.arch.HustleTests;
				PRODUCT_NAME = "$(TARGET_NAME)";
				SWIFT_VERSION = 4.0;
				TARGETED_DEVICE_FAMILY = "1,2";
				TEST_HOST = "$(BUILT_PRODUCTS_DIR)/Hustle.app/Hustle";
			};
			name = Release;
		};
		14A849031F8331D300B4D75A /* Debug */ = {
			isa = XCBuildConfiguration;
			buildSettings = {
				ALWAYS_EMBED_SWIFT_STANDARD_LIBRARIES = YES;
				CODE_SIGN_STYLE = Automatic;
				DEVELOPMENT_TEAM = 3Q6XDUT8TQ;
				INFOPLIST_FILE = HustleUITests/Info.plist;
				LD_RUNPATH_SEARCH_PATHS = "$(inherited) @executable_path/Frameworks @loader_path/Frameworks";
				PRODUCT_BUNDLE_IDENTIFIER = com.arch.HustleUITests;
				PRODUCT_NAME = "$(TARGET_NAME)";
				SWIFT_VERSION = 4.0;
				TARGETED_DEVICE_FAMILY = "1,2";
				TEST_TARGET_NAME = Hustle;
			};
			name = Debug;
		};
		14A849041F8331D300B4D75A /* Release */ = {
			isa = XCBuildConfiguration;
			buildSettings = {
				ALWAYS_EMBED_SWIFT_STANDARD_LIBRARIES = YES;
				CODE_SIGN_STYLE = Automatic;
				DEVELOPMENT_TEAM = 3Q6XDUT8TQ;
				INFOPLIST_FILE = HustleUITests/Info.plist;
				LD_RUNPATH_SEARCH_PATHS = "$(inherited) @executable_path/Frameworks @loader_path/Frameworks";
				PRODUCT_BUNDLE_IDENTIFIER = com.arch.HustleUITests;
				PRODUCT_NAME = "$(TARGET_NAME)";
				SWIFT_VERSION = 4.0;
				TARGETED_DEVICE_FAMILY = "1,2";
				TEST_TARGET_NAME = Hustle;
			};
			name = Release;
		};
/* End XCBuildConfiguration section */

/* Begin XCConfigurationList section */
		14A848CF1F8331D200B4D75A /* Build configuration list for PBXProject "Hustle" */ = {
			isa = XCConfigurationList;
			buildConfigurations = (
				14A848FA1F8331D300B4D75A /* Debug */,
				14A848FB1F8331D300B4D75A /* Release */,
			);
			defaultConfigurationIsVisible = 0;
			defaultConfigurationName = Release;
		};
		14A848FC1F8331D300B4D75A /* Build configuration list for PBXNativeTarget "Hustle" */ = {
			isa = XCConfigurationList;
			buildConfigurations = (
				14A848FD1F8331D300B4D75A /* Debug */,
				14A848FE1F8331D300B4D75A /* Release */,
			);
			defaultConfigurationIsVisible = 0;
			defaultConfigurationName = Release;
		};
		14A848FF1F8331D300B4D75A /* Build configuration list for PBXNativeTarget "HustleTests" */ = {
			isa = XCConfigurationList;
			buildConfigurations = (
				14A849001F8331D300B4D75A /* Debug */,
				14A849011F8331D300B4D75A /* Release */,
			);
			defaultConfigurationIsVisible = 0;
			defaultConfigurationName = Release;
		};
		14A849021F8331D300B4D75A /* Build configuration list for PBXNativeTarget "HustleUITests" */ = {
			isa = XCConfigurationList;
			buildConfigurations = (
				14A849031F8331D300B4D75A /* Debug */,
				14A849041F8331D300B4D75A /* Release */,
			);
			defaultConfigurationIsVisible = 0;
			defaultConfigurationName = Release;
		};
/* End XCConfigurationList section */
	};
	rootObject = 14A848CC1F8331D200B4D75A /* Project object */;
}
